
Microsoft Visual Studio Solution File, Format Version 12.00
# Visual Studio 15
VisualStudioVersion = 15.0.26124.0
MinimumVisualStudioVersion = 15.0.26124.0
Project("{FAE04EC0-301F-11D3-BF4B-00C04F79EFBC}") = "client", "client\client.csproj", "{9F20DF5F-9DFD-48F6-B848-679E3CBC15E0}"
EndProject
Project("{FAE04EC0-301F-11D3-BF4B-00C04F79EFBC}") = "service", "service\service.csproj", "{5CB18787-F9FE-427B-9D48-81EDEAD953A5}"
EndProject
Global
	GlobalSection(SolutionConfigurationPlatforms) = preSolution
		Debug|Any CPU = Debug|Any CPU
		Debug|x64 = Debug|x64
		Debug|x86 = Debug|x86
		Release|Any CPU = Release|Any CPU
		Release|x64 = Release|x64
		Release|x86 = Release|x86
	EndGlobalSection
	GlobalSection(SolutionProperties) = preSolution
		HideSolutionNode = FALSE
	EndGlobalSection
	GlobalSection(ProjectConfigurationPlatforms) = postSolution
		{9F20DF5F-9DFD-48F6-B848-679E3CBC15E0}.Debug|Any CPU.ActiveCfg = Debug|Any CPU
		{9F20DF5F-9DFD-48F6-B848-679E3CBC15E0}.Debug|Any CPU.Build.0 = Debug|Any CPU
		{9F20DF5F-9DFD-48F6-B848-679E3CBC15E0}.Debug|x64.ActiveCfg = Debug|Any CPU
		{9F20DF5F-9DFD-48F6-B848-679E3CBC15E0}.Debug|x64.Build.0 = Debug|Any CPU
		{9F20DF5F-9DFD-48F6-B848-679E3CBC15E0}.Debug|x86.ActiveCfg = Debug|Any CPU
		{9F20DF5F-9DFD-48F6-B848-679E3CBC15E0}.Debug|x86.Build.0 = Debug|Any CPU
		{9F20DF5F-9DFD-48F6-B848-679E3CBC15E0}.Release|Any CPU.ActiveCfg = Release|Any CPU
		{9F20DF5F-9DFD-48F6-B848-679E3CBC15E0}.Release|Any CPU.Build.0 = Release|Any CPU
		{9F20DF5F-9DFD-48F6-B848-679E3CBC15E0}.Release|x64.ActiveCfg = Release|Any CPU
		{9F20DF5F-9DFD-48F6-B848-679E3CBC15E0}.Release|x64.Build.0 = Release|Any CPU
		{9F20DF5F-9DFD-48F6-B848-679E3CBC15E0}.Release|x86.ActiveCfg = Release|Any CPU
		{9F20DF5F-9DFD-48F6-B848-679E3CBC15E0}.Release|x86.Build.0 = Release|Any CPU
		{5CB18787-F9FE-427B-9D48-81EDEAD953A5}.Debug|Any CPU.ActiveCfg = Debug|Any CPU
		{5CB18787-F9FE-427B-9D48-81EDEAD953A5}.Debug|Any CPU.Build.0 = Debug|Any CPU
		{5CB18787-F9FE-427B-9D48-81EDEAD953A5}.Debug|x64.ActiveCfg = Debug|Any CPU
		{5CB18787-F9FE-427B-9D48-81EDEAD953A5}.Debug|x64.Build.0 = Debug|Any CPU
		{5CB18787-F9FE-427B-9D48-81EDEAD953A5}.Debug|x86.ActiveCfg = Debug|Any CPU
		{5CB18787-F9FE-427B-9D48-81EDEAD953A5}.Debug|x86.Build.0 = Debug|Any CPU
		{5CB18787-F9FE-427B-9D48-81EDEAD953A5}.Release|Any CPU.ActiveCfg = Release|Any CPU
		{5CB18787-F9FE-427B-9D48-81EDEAD953A5}.Release|Any CPU.Build.0 = Release|Any CPU
		{5CB18787-F9FE-427B-9D48-81EDEAD953A5}.Release|x64.ActiveCfg = Release|Any CPU
		{5CB18787-F9FE-427B-9D48-81EDEAD953A5}.Release|x64.Build.0 = Release|Any CPU
		{5CB18787-F9FE-427B-9D48-81EDEAD953A5}.Release|x86.ActiveCfg = Release|Any CPU
		{5CB18787-F9FE-427B-9D48-81EDEAD953A5}.Release|x86.Build.0 = Release|Any CPU
	EndGlobalSection
EndGlobal
